<?xml version="1.0" encoding="utf-8"?>
<Project ToolsVersion="4.0" xmlns="http://schemas.microsoft.com/developer/msbuild/2003">
  <ItemGroup>
    <Filter Include="Source Files">
      <UniqueIdentifier>{4FC737F1-C7A5-4376-A066-2A32D752A2FF}</UniqueIdentifier>
      <Extensions>cpp;c;cc;cxx;def;odl;idl;hpj;bat;asm;asmx</Extensions>
    </Filter>
    <Filter Include="Header Files">
      <UniqueIdentifier>{93995380-89BD-4b04-88EB-625FBE52EBFB}</UniqueIdentifier>
      <Extensions>h;hh;hpp;hxx;hm;inl;inc;xsd</Extensions>
    </Filter>
    <Filter Include="Resource Files">
      <UniqueIdentifier>{67DA6AB6-F800-4c08-8B7A-83BB121AAD01}</UniqueIdentifier>
      <Extensions>rc;ico;cur;bmp;dlg;rc2;rct;bin;rgs;gif;jpg;jpeg;jpe;resx;tiff;tif;png;wav</Extensions>
    </Filter>
    <Filter Include="Source Files\test">
      <UniqueIdentifier>{a008a339-1f34-486d-af9f-126fd2550c7a}</UniqueIdentifier>
    </Filter>
    <Filter Include="Resource Files\test">
      <UniqueIdentifier>{cb1b43a1-7a39-43ec-8f15-fc5865c99efb}</UniqueIdentifier>
    </Filter>
  </ItemGroup>
  <ItemGroup>
    <ClInclude Include="bst\Timer.hpp">
      <Filter>Header Files</Filter>
    </ClInclude>
    <ClInclude Include="kdt\KDT.hpp">
      <Filter>Header Files</Filter>
    </ClInclude>
    <ClInclude Include="kdt\Point.hpp">
      <Filter>Header Files</Filter>
    </ClInclude>
  </ItemGroup>
  <ItemGroup>
    <None Include=".editorconfig" />
  </ItemGroup>
  <ItemGroup>
    <Text Include="KDT\test\custom_points.txt">
      <Filter>Source Files\test</Filter>
    </Text>
    <Text Include="KDT\test\irisDescription.txt">
      <Filter>Source Files\test</Filter>
    </Text>
    <Text Include="KDT\test\iris.txt">
      <Filter>Source Files\test</Filter>
    </Text>
    <Text Include="KDT\test\queryPoints.txt">
      <Filter>Source Files\test</Filter>
    </Text>
    <Text Include="KDT\test\solutionPoints.txt">
      <Filter>Source Files\test</Filter>
    </Text>
    <Text Include="KDT\test\test_points.txt">
      <Filter>Source Files\test</Filter>
    </Text>
    <Text Include="KDT\test\validation.txt">
      <Filter>Source Files\test</Filter>
    </Text>
    <Text Include="KDT\test\training.txt">
      <Filter>Source Files\test</Filter>
    </Text>
    <Text Include="KDT\test\wine.txt">
      <Filter>Source Files\test</Filter>
    </Text>
    <Text Include="KDT\test\wineDescription.txt">
      <Filter>Source Files\test</Filter>
    </Text>
  </ItemGroup>
  <ItemGroup>
    <ClCompile Include="KDT\test_KDT.cpp">
      <Filter>Source Files</Filter>
    </ClCompile>
  </ItemGroup>
</Project>